version = 1
revision = 3
requires-python = "==3.12.*"

[[package]]
name = "anyio"
version = "4.14.2"
source = { registry = "https://pypi.org/simple" }
dependencies = [
    { name = "idna" },
    { name = "typing-extensions" },
]
sdist = { url = "https://files.pythonhosted.org/packages/61/cc/a381afa6efea9f496eff839d4a6a1aed3bfafc7b3ab4b0d1b243a12573dd/anyio-4.14.2.tar.gz", hash = "sha256:cfa139f3ed1a23ee8f88a145ddb5ac7605b8bbfd8592baacd7ce3d8bb4313c7f", size = 260176, upload-time = "2026-07-12T20:29:07.082Z" }
wheels = [
    { url = "https://files.pythonhosted.org/packages/da/35/f2287558c17e29fafc8ef3daf819bb9834061cfa43bff8014f7df7f63bdc/anyio-4.14.2-py3-none-any.whl", hash = "sha256:9f505dda5ac9f0c8309b5e8bd445a8c2bf7246f3ce950121e45ea15bc41d1494", size = 125813, upload-time = "2026-07-12T20:29:05.763Z" },
]

[[package]]
name = "certifi"
version = "2026.7.22"
source = { registry = "https://pypi.org/simple" }
sdist = { url = "https://files.pythonhosted.org/packages/a3/c2/24167ea9858356b47a87a50d39908bfdb72ceeefe0041586e704e5376b3a/certifi-2026.7.22.tar.gz", hash = "sha256:741e2c3b351ddf169a738da9f2c048608ff7f2c5cc02f1ebc6b118bb090d5d55", size = 138112, upload-time = "2026-07-22T03:35:12.644Z" }
wheels = [
    { url = "https://files.pythonhosted.org/packages/0b/a7/71ac2cff56fec219ed242bb11b8efb69fcc4bec75db06fb7bfe35de520e6/certifi-2026.7.22-py3-none-any.whl", hash = "sha256:62f22742b58a1a33014a2b6b706588a8d7e2a88ae7bd1a6ebe8c992928483775", size = 136983, upload-time = "2026-07-22T03:35:11.276Z" },
]

[[package]]
name = "click"
version = "8.4.2"
source = { registry = "https://pypi.org/simple" }
dependencies = [
    { name = "colorama", marker = "sys_platform == 'win32'" },
]
sdist = { url = "https://files.pythonhosted.org/packages/76/d4/81420972a676e8ffea40450d8c8c92943e7218a78fe9b64359836cc9876b/click-8.4.2.tar.gz", hash = "sha256:9a6cea6e60b17ebe0a44c5cc636d94f09bd66142c1cd7d8b4cd731c4917a15f6", size = 338000, upload-time = "2026-06-24T17:45:15.148Z" }
wheels = [
    { url = "https://files.pythonhosted.org/packages/fb/e2/79c688af8b210d232694e31e59da9f6ec747bae31c3f5946e4e9b98860d5/click-8.4.2-py3-none-any.whl", hash = "sha256:e6f9f66136c816745b9d65817da91d61d957fb16e02e4dcd0552553c5a197b76", size = 119243, upload-time = "2026-06-24T17:45:13.73Z" },
]

[[package]]
name = "colorama"
version = "0.4.6"
source = { registry = "https://pypi.org/simple" }
sdist = { url = "https://files.pythonhosted.org/packages/d8/53/6f443c9a4a8358a93a6792e2acffb9d9d5cb0a5cfd8802644b7b1c9a02e4/colorama-0.4.6.tar.gz", hash = "sha256:08695f5cb7ed6e0531a20572697297273c47b8cae5a63ffc6d6ed5c201be6e44", size = 27697, upload-time = "2022-10-25T02:36:22.414Z" }
wheels = [
    { url = "https://files.pythonhosted.org/packages/d1/d6/3965ed04c63042e047cb6a3e6ed1a63a35087b6a609aa3a15ed8ac56c221/colorama-0.4.6-py2.py3-none-any.whl", hash = "sha256:4f1d9991f5acc0ca119f9d443620b77f9d6b33703e51011c16baf57afb285fc6", size = 25335, upload-time = "2022-10-25T02:36:20.889Z" },
]

[[package]]
name = "filelock"
version = "3.32.0"
source = { registry = "https://pypi.org/simple" }
sdist = { url = "https://files.pythonhosted.org/packages/c0/80/8232b582c4b318b817cf1274ba74976b07b34d35ef439b3eb948f98645a1/filelock-3.32.0.tar.gz", hash = "sha256:7be2ad23a14607ccc71808e68fe30848aeace7058ace17852f68e2a68e310402", size = 213757, upload-time = "2026-07-21T13:17:42.898Z" }
wheels = [
    { url = "https://files.pythonhosted.org/packages/06/79/b4c714bef36bc4ec2beeae1e0c124f0223888cd8c6feb1cdc56038116920/filelock-3.32.0-py3-none-any.whl", hash = "sha256:d396bea984af47333ef05e50eae7eff88c84256de6112aea0ec48a233c064fe3", size = 97732, upload-time = "2026-07-21T13:17:41.55Z" },
]

[[package]]
name = "fsspec"
version = "2026.6.0"
source = { registry = "https://pypi.org/simple" }
sdist = { url = "https://files.pythonhosted.org/packages/10/a1/ae4e3e5003468d6391d2c77b6fa1cd73bd5d13511d81c642d7b28ac90ed4/fsspec-2026.6.0.tar.gz", hash = "sha256:f5bac145310fe30e16e1471bd6840b2d990d609e872251d7e674241822abf01a", size = 313646, upload-time = "2026-06-16T01:57:28.105Z" }
wheels = [
    { url = "https://files.pythonhosted.org/packages/e5/22/4222d7ddf3da30f363edaa98e329c2bce6c65497c9cb2810931c8b2c0fbc/fsspec-2026.6.0-py3-none-any.whl", hash = "sha256:02e0b71817df9b2169dc30a16832045764def1191b43dcff5bb85bdee212d2a1", size = 203949, upload-time = "2026-06-16T01:57:26.358Z" },
]

[[package]]
name = "h11"
version = "0.16.0"
source = { registry = "https://pypi.org/simple" }
sdist = { url = "https://files.pythonhosted.org/packages/01/ee/02a2c011bdab74c6fb3c75474d40b3052059d95df7e73351460c8588d963/h11-0.16.0.tar.gz", hash = "sha256:4e35b956cf45792e4caa5885e69fba00bdbc6ffafbfa020300e549b208ee5ff1", size = 101250, upload-time = "2025-04-24T03:35:25.427Z" }
wheels = [
    { url = "https://files.pythonhosted.org/packages/04/4b/29cac41a4d98d144bf5f6d33995617b185d14b22401f75ca86f384e87ff1/h11-0.16.0-py3-none-any.whl", hash = "sha256:63cf8bbe7522de3bf65932fda1d9c2772064ffb3dae62d55932da54b31cb6c86", size = 37515, upload-time = "2025-04-24T03:35:24.344Z" },
]

[[package]]
name = "hf-xet"
version = "1.5.2"
source = { registry = "https://pypi.org/simple" }
sdist = { url = "https://files.pythonhosted.org/packages/63/39/67be8d71f900d9a55761b6022821d6679fb56c64f1b6063d5af2c2606727/hf_xet-1.5.2.tar.gz", hash = "sha256:73044bd31bae33c984af832d19c752a0dffb67518fee9ddbd91d616e1101cf47", size = 903674, upload-time = "2026-07-16T17:29:56.833Z" }
wheels = [
    { url = "https://files.pythonhosted.org/packages/de/ba/2b70603c7552db82baeb2623e2336898304a17328845151be4fe1f48d420/hf_xet-1.5.2-cp38-abi3-macosx_10_12_x86_64.whl", hash = "sha256:f922b8f5fb84f1dd3d7ab7a1316354a1bca9b1c73ecfc19c76e51a2a49d29799", size = 4033760, upload-time = "2026-07-16T17:29:43.884Z" },
    { url = "https://files.pythonhosted.org/packages/60/ac/b097a86a1e4a6098f3a79382643ab09d5733d87ccc864877ad1e12b49b70/hf_xet-1.5.2-cp38-abi3-macosx_11_0_arm64.whl", hash = "sha256:045f84440c55cdeb659cf1a1dd48c77bcd0d2e93632e2fea8f2c3bdee79f38ed", size = 3841438, upload-time = "2026-07-16T17:29:45.539Z" },
    { url = "https://files.pythonhosted.org/packages/d3/35/db860aa3a0780660324a506ad4b3d322ddc6ecbba4b9340aed0942cbf21c/hf_xet-1.5.2-cp38-abi3-manylinux2014_x86_64.manylinux_2_17_x86_64.whl", hash = "sha256:db78c39c83d6279daddc98e2238f373ab8980685556d42472b4ec51abcf03e8c", size = 4428006, upload-time = "2026-07-16T17:29:46.996Z" },
    { url = "https://files.pythonhosted.org/packages/af/6b/832dd980af4b0c3ae0660e309285f2ffcdff2faa38129390dbb47aa4a3f9/hf_xet-1.5.2-cp38-abi3-manylinux_2_28_aarch64.whl", hash = "sha256:7db73c810500c54c6760be8c39d4b2e476974de85424c50063efc22fdda13025", size = 4221099, upload-time = "2026-07-16T17:29:48.525Z" },
    { url = "https://files.pythonhosted.org/packages/9e/05/ae50f0d34e3254e6c3e208beb2519f6b8673016fc4b3643badaf6450d186/hf_xet-1.5.2-cp38-abi3-musllinux_1_2_aarch64.whl", hash = "sha256:6395cfe3c9cbead4f16b31808b0e67eac428b66c656f856e99636adaddea878f", size = 4420766, upload-time = "2026-07-16T17:29:50.092Z" },
    { url = "https://files.pythonhosted.org/packages/07/a9/c050bc2743a2bcd68928bfee157b08681667a164a24ec95fbfcfcd717e08/hf_xet-1.5.2-cp38-abi3-musllinux_1_2_x86_64.whl", hash = "sha256:cde8cd167126bb6109b2ceb19b844433a4988643e8f3e01dd9dd0e4a34535097", size = 4636716, upload-time = "2026-07-16T17:29:51.62Z" },
    { url = "https://files.pythonhosted.org/packages/e9/f8/68b01c5c2edb56ac9a67b3d076ffddcb90867abaee923923eb34e7a14e76/hf_xet-1.5.2-cp38-abi3-win_amd64.whl", hash = "sha256:ecf63d1cb69a9a7319910f8f83fcf9b46e7a32dfcf4b8f8eeddb55f647306e65", size = 3988373, upload-time = "2026-07-16T17:29:53.395Z" },
    { url = "https://files.pythonhosted.org/packages/39/c6/988383e9dc17294d536fcbcd6fd16eed882e411ad16c954984a53e47b09c/hf_xet-1.5.2-cp38-abi3-win_arm64.whl", hash = "sha256:1da28519496eb7c8094c11e4d25509b4a468457a0302d58136099db2fd9a671d", size = 3816957, upload-time = "2026-07-16T17:29:54.991Z" },
]

[[package]]
name = "httpcore"
version = "1.0.9"
source = { registry = "https://pypi.org/simple" }
dependencies = [
    { name = "certifi" },
    { name = "h11" },
]
sdist = { url = "https://files.pythonhosted.org/packages/06/94/82699a10bca87a5556c9c59b5963f2d039dbd239f25bc2a63907a05a14cb/httpcore-1.0.9.tar.gz", hash = "sha256:6e34463af53fd2ab5d807f399a9b45ea31c3dfa2276f15a2c3f00afff6e176e8", size = 85484, upload-time = "2025-04-24T22:06:22.219Z" }
wheels = [
    { url = "https://files.pythonhosted.org/packages/7e/f5/f66802a942d491edb555dd61e3a9961140fd64c90bce1eafd741609d334d/httpcore-1.0.9-py3-none-any.whl", hash = "sha256:2d400746a40668fc9dec9810239072b40b4484b640a8c38fd654a024c7a1bf55", size = 78784, upload-time = "2025-04-24T22:06:20.566Z" },
]

[[package]]
name = "httpx"
version = "0.28.1"
source = { registry = "https://pypi.org/simple" }
dependencies = [
    { name = "anyio" },
    { name = "certifi" },
    { name = "httpcore" },
    { name = "idna" },
]
sdist = { url = "https://files.pythonhosted.org/packages/b1/df/48c586a5fe32a0f01324ee087459e112ebb7224f646c0b5023f5e79e9956/httpx-0.28.1.tar.gz", hash = "sha256:75e98c5f16b0f35b567856f597f06ff2270a374470a5c2392242528e3e3e42fc", size = 141406, upload-time = "2024-12-06T15:37:23.222Z" }
wheels = [
    { url = "https://files.pythonhosted.org/packages/2a/39/e50c7c3a983047577ee07d2a9e53faf5a69493943ec3f6a384bdc792deb2/httpx-0.28.1-py3-none-any.whl", hash = "sha256:d909fcccc110f8c7faf814ca82a9a4d816bc5a6dbfea25d6591d6985b8ba59ad", size = 73517, upload-time = "2024-12-06T15:37:21.509Z" },
]

[[package]]
name = "huggingface-hub"
version = "1.24.0"
source = { registry = "https://pypi.org/simple" }
dependencies = [
    { name = "click" },
    { name = "filelock" },
    { name = "fsspec" },
    { name = "hf-xet", marker = "platform_machine == 'AMD64' or platform_machine == 'aarch64' or platform_machine == 'amd64' or platform_machine == 'arm64' or platform_machine == 'x86_64'" },
    { name = "httpx" },
    { name = "packaging" },
    { name = "pyyaml" },
    { name = "tqdm" },
    { name = "typing-extensions" },
]
sdist = { url = "https://files.pythonhosted.org/packages/df/9b/d3bb4e7d792835daf34dd7091bbc7d7b4e0437d9388f1ea7239cce49f478/huggingface_hub-1.24.0.tar.gz", hash = "sha256:18431ff4daae0749aa9ba102fc952e314c98e1d30ebdec5319d85ca0a83e1ae5", size = 921848, upload-time = "2026-07-17T09:54:01.022Z" }
wheels = [
    { url = "https://files.pythonhosted.org/packages/5f/c3/aeaaf3911d2529614be18d1c8b5496afc185560e76568063d517283318af/huggingface_hub-1.24.0-py3-none-any.whl", hash = "sha256:6ed4120a84a6beec900640aa7e346bd766a6b7341e41526fef5dc8bd81fb7d59", size = 771904, upload-time = "2026-07-17T09:53:59.106Z" },
]

[[package]]
name = "idna"
version = "3.18"
source = { registry = "https://pypi.org/simple" }
sdist = { url = "https://files.pythonhosted.org/packages/cd/63/9496c57188a2ee585e0f1db071d75089a11e98aa86eb99d9d7618fc1edce/idna-3.18.tar.gz", hash = "sha256:ffb385a7e039654cef1ab9ef32c6fafe283c0c0467bba1d9029738ce4a14a848", size = 196711, upload-time = "2026-06-02T14:34:07.794Z" }
wheels = [
    { url = "https://files.pythonhosted.org/packages/1e/5e/d4e9f1a599fb8e573b7b87160658329fbf28d19eac2718f51fc3def3aa5a/idna-3.18-py3-none-any.whl", hash = "sha256:7f952cbe720b688055e3f87de14f5c3e5fdaa8bc3928985c4077ca689de849a2", size = 65455, upload-time = "2026-06-02T14:34:06.319Z" },
]

[[package]]
name = "iniconfig"
version = "2.3.0"
source = { registry = "https://pypi.org/simple" }
sdist = { url = "https://files.pythonhosted.org/packages/72/34/14ca021ce8e5dfedc35312d08ba8bf51fdd999c576889fc2c24cb97f4f10/iniconfig-2.3.0.tar.gz", hash = "sha256:c76315c77db068650d49c5b56314774a7804df16fee4402c1f19d6d15d8c4730", size = 20503, upload-time = "2025-10-18T21:55:43.219Z" }
wheels = [
    { url = "https://files.pythonhosted.org/packages/cb/b1/3846dd7f199d53cb17f49cba7e651e9ce294d8497c8c150530ed11865bb8/iniconfig-2.3.0-py3-none-any.whl", hash = "sha256:f631c04d2c48c52b84d0d0549c99ff3859c98df65b3101406327ecc7d53fbf12", size = 7484, upload-time = "2025-10-18T21:55:41.639Z" },
]

[[package]]
name = "mlx"
version = "0.32.0"
source = { registry = "https://pypi.org/simple" }
dependencies = [
    { name = "mlx-metal", marker = "sys_platform == 'darwin'" },
]
wheels = [
    { url = "https://files.pythonhosted.org/packages/aa/a6/489176d8a2a06137a299910057cc44dc3fccfb73151f7562fea2b75894d9/mlx-0.32.0-cp312-cp312-macosx_14_0_arm64.whl", hash = "sha256:ea5a594355c89c0095eaba413fd39d4caa8642fa13432dfb0c9354d141046467", size = 558889, upload-time = "2026-07-07T17:55:45.268Z" },
    { url = "https://files.pythonhosted.org/packages/85/2a/5d1f1cb1b073c39c822e0c0be1e68f4ced6fd32ab15cf8bb1f448028842c/mlx-0.32.0-cp312-cp312-macosx_15_0_arm64.whl", hash = "sha256:e5f778001562ccce26cf6e5be1050d2afc78e2902bad206201ab9f5a6d0f886a", size = 558890, upload-time = "2026-07-07T17:55:46.701Z" },
    { url = "https://files.pythonhosted.org/packages/0f/01/02110ceacf4efd00ec172f60b4cd42c8b1509ac50ffa65a6a77d723133aa/mlx-0.32.0-cp312-cp312-macosx_26_0_arm64.whl", hash = "sha256:8dfb577faa4dc413cfd0d6eb78f230d3b3b6169df4473e84408abdeb21346e9d", size = 558856, upload-time = "2026-07-07T17:55:48.09Z" },
    { url = "https://files.pythonhosted.org/packages/5e/af/b16b7ab2670edf0f8f2cdeb2b6b3d5ab27a749b31ed74cb6825958ca0892/mlx-0.32.0-cp312-cp312-manylinux_2_35_aarch64.whl", hash = "sha256:50bc29bfaf31dff5138a472b56963bd6ece0fa67800c6c382745aaa41126d01f", size = 617769, upload-time = "2026-07-07T17:55:49.596Z" },
    { url = "https://files.pythonhosted.org/packages/40/ef/c326e05070f35c43a9775ce9dceaf155c8a9b2706a4c52d64e8999d4929a/mlx-0.32.0-cp312-cp312-manylinux_2_35_x86_64.whl", hash = "sha256:78804098c9f64978b6048ffdfd78689b9e06efa2a530c541d0bd73ce44d2f589", size = 675402, upload-time = "2026-07-07T17:55:51.148Z" },
    { url = "https://files.pythonhosted.org/packages/a2/e9/04cd133d18b4da1c00515c595c1cb6de7e2534938d2c3de2f3f2301c3466/mlx-0.32.0-cp312-cp312-win_amd64.whl", hash = "sha256:13ac6469479cda4bfd6954e0b574b92930b87073f7c79be121a68b31a3a6c596", size = 558048, upload-time = "2026-07-07T17:55:52.471Z" },
    { url = "https://files.pythonhosted.org/packages/60/f6/f27397f44c84138bcae00592a377fc5b1fc79d1dbfa820c1af20042f4c33/mlx-0.32.0-cp312-cp312-win_arm64.whl", hash = "sha256:7c8d3a7b506ab45b3f7976495126c16830d988ec53289134b2bb64dae1efb835", size = 543631, upload-time = "2026-07-07T17:55:53.681Z" },
]

[[package]]
name = "mlx-metal"
version = "0.32.0"
source = { registry = "https://pypi.org/simple" }
wheels = [
    { url = "https://files.pythonhosted.org/packages/d6/ef/d74ae99cfe9ddb59fd08abd14f47754c3d199291a93756903fa595b31b8a/mlx_metal-0.32.0-py3-none-macosx_14_0_arm64.whl", hash = "sha256:5b64b20ac24b0c401f489de01e8209edc4d372125201f19314e6f39e385322aa", size = 40824649, upload-time = "2026-07-07T17:55:20.7Z" },
    { url = "https://files.pythonhosted.org/packages/d5/38/b96a3de98cfbb009592b3870af46ff63657b192f8d1e06c6c1faea5fbef3/mlx_metal-0.32.0-py3-none-macosx_15_0_arm64.whl", hash = "sha256:1bd94a1ce5b03a0c898771a3e759f0124300c6ab5155127906a1d50b1f3fcf19", size = 40818869, upload-time = "2026-07-07T17:55:25.059Z" },
    { url = "https://files.pythonhosted.org/packages/dc/59/65d32520175379df33f107749193aa94ea9db069167a36a1a100ff689f62/mlx_metal-0.32.0-py3-none-macosx_26_0_arm64.whl", hash = "sha256:3af76a498d84804f66119800499f9d143d7dffb0878a0dd0d7c2846e58565fd7", size = 56511379, upload-time = "2026-07-07T17:55:36.045Z" },
]

[[package]]
name = "mlx-qwen3-asr"
version = "0.3.5"
source = { registry = "https://pypi.org/simple" }
dependencies = [
    { name = "huggingface-hub" },
    { name = "mlx" },
    { name = "numpy" },
    { name = "regex" },
]
sdist = { url = "https://files.pythonhosted.org/packages/3d/c2/b53450ad34ec4960bbb108701e8268e109c12b9888b101ea22f94897ffb5/mlx_qwen3_asr-0.3.5.tar.gz", hash = "sha256:3b2932a6cc5e162d8a686434ee0ea63e86a294c845451496729a6f0f6a0df050", size = 244181, upload-time = "2026-05-16T00:26:23.504Z" }
wheels = [
    { url = "https://files.pythonhosted.org/packages/7d/65/a450105650127e28c4467f834c8e71cdca422e62efa4161919bb1d94cd36/mlx_qwen3_asr-0.3.5-py3-none-any.whl", hash = "sha256:5c7169392a8d06f38ccc791b768cdc9e7fd6038a34130576c2af8b3afa28d06b", size = 168041, upload-time = "2026-05-16T00:26:21.879Z" },
]

[[package]]
name = "numpy"
version = "2.5.1"
source = { registry = "https://pypi.org/simple" }
sdist = { url = "https://files.pythonhosted.org/packages/22/fd/89965aa4ac08c74998539fcbf24fa3540f3e15237fbeb6bcf9c908f4aade/numpy-2.5.1.tar.gz", hash = "sha256:a48a113e6afea91f5608793bafa7ef2ad481fefbda87ec5069f483de61cb9fa3", size = 20755553, upload-time = "2026-07-04T17:08:00.933Z" }
wheels = [
    { url = "https://files.pythonhosted.org/packages/62/7b/14687aa674250e5e546f616f486b0d56d3631cd5b2415739141ce40bdcea/numpy-2.5.1-cp312-cp312-macosx_10_13_x86_64.whl", hash = "sha256:2c889b56fe48b1018f764b0eec8df59ab654e9148aa91faa12596043500de277", size = 16801574, upload-time = "2026-07-04T17:06:12.423Z" },
    { url = "https://files.pythonhosted.org/packages/e1/19/cc5bb2a3f2913d27d6dbb2c78d25921fabaedc6741d4a5a615a11f3c5bf3/numpy-2.5.1-cp312-cp312-macosx_11_0_arm64.whl", hash = "sha256:ab451b59c5643c570974c43aef780703ef1d3b4965d2be07afd530615a9358d1", size = 11772250, upload-time = "2026-07-04T17:06:15.726Z" },
    { url = "https://files.pythonhosted.org/packages/42/77/fdf34a71dd30f54979b18603bee915e0aaf825b07afe79acd60b04b691e2/numpy-2.5.1-cp312-cp312-macosx_14_0_arm64.whl", hash = "sha256:78798bd5b9ad744056af8efa90e3b9ddaa53272a0848a483084a1cc0a13b2dc0", size = 5331516, upload-time = "2026-07-04T17:06:17.913Z" },
    { url = "https://files.pythonhosted.org/packages/ce/e2/eb7efa015b4cce41e2517bf182a7fce0d7d5b9d9ed76a29bfa0f4fe4505c/numpy-2.5.1-cp312-cp312-macosx_14_0_x86_64.whl", hash = "sha256:2ae0ca40bcb22d6ba59c1dfd5446f49940b0f2d821fde133f10dda11f816b84e", size = 6664863, upload-time = "2026-07-04T17:06:20.02Z" },
    { url = "https://files.pythonhosted.org/packages/a9/4b/a2b32dd94ee9ffbeecb28152240042a3949db33b1c834d44090b80e1b3b8/numpy-2.5.1-cp312-cp312-manylinux_2_27_aarch64.manylinux_2_28_aarch64.whl", hash = "sha256:61ac47e772e6b8ea489e1d2f441a34c5c3ac17327e7ce294cbdf535795ad4e75", size = 15167977, upload-time = "2026-07-04T17:06:21.621Z" },
    { url = "https://files.pythonhosted.org/packages/b8/a9/6e73d68500f80773f65f0654ea932019d6694329a0eb0ed0533de38df376/numpy-2.5.1-cp312-cp312-manylinux_2_27_x86_64.manylinux_2_28_x86_64.whl", hash = "sha256:59fda5e192b570217ec2580c96f00e9a7e12ef6866a900eb089b62c1a32545ca", size = 16672469, upload-time = "2026-07-04T17:06:24.064Z" },
    { url = "https://files.pythonhosted.org/packages/24/7d/ad3e59015135f5261c95fd4cafeff159c955febd83a99a1d9250c4233815/numpy-2.5.1-cp312-cp312-musllinux_1_2_aarch64.whl", hash = "sha256:f7119ebff1a9829e9f431a4f9d28e703023bb6b9fe7c8f724467dbfc27c94ab3", size = 16527531, upload-time = "2026-07-04T17:06:26.69Z" },
    { url = "https://files.pythonhosted.org/packages/83/d0/a39b2fbcde9cb17a1dac678f254b33a6336298af9df338824c685425d5e8/numpy-2.5.1-cp312-cp312-musllinux_1_2_x86_64.whl", hash = "sha256:e824c2acf8862052246be5a44c15da1777940c60d010dd2aab897824d9c430f9", size = 18431940, upload-time = "2026-07-04T17:06:29.521Z" },
    { url = "https://files.pythonhosted.org/packages/04/12/cff070947791c1ed425ff76413189adbdc2fbe215eba7ce7fa454a03c7f8/numpy-2.5.1-cp312-cp312-win32.whl", hash = "sha256:08d60c810432eb83360958dea0999ac4cfb94531ea8efcbf0b7f277c2068aeb2", size = 6066764, upload-time = "2026-07-04T17:06:32.571Z" },
    { url = "https://files.pythonhosted.org/packages/65/66/53f31807a48a750f9d748da273bc3fcedd12b27ff1f3e373bfec55ef2dc0/numpy-2.5.1-cp312-cp312-win_amd64.whl", hash = "sha256:f7d60026c0bdb1380e83bfa7a0419c4577ee4b9a08880afcb6dadeb74c649fa2", size = 12430966, upload-time = "2026-07-04T17:06:34.926Z" },
    { url = "https://files.pythonhosted.org/packages/2b/2a/d1a88066b1c14186f5d3c0d18c94f17b064511982bab0578d49ee9d43c29/numpy-2.5.1-cp312-cp312-win_arm64.whl", hash = "sha256:17a25e09640602e10bc8de0e6fa2b3fd68eedd84ba6d7842dc8f32f9ab87bd0b", size = 10350488, upload-time = "2026-07-04T17:06:37.785Z" },
]

[[package]]
name = "packaging"
version = "26.2"
source = { registry = "https://pypi.org/simple" }
sdist = { url = "https://files.pythonhosted.org/packages/d7/f1/e7a6dd94a8d4a5626c03e4e99c87f241ba9e350cd9e6d75123f992427270/packaging-26.2.tar.gz", hash = "sha256:ff452ff5a3e828ce110190feff1178bb1f2ea2281fa2075aadb987c2fb221661", size = 228134, upload-time = "2026-04-24T20:15:23.917Z" }
wheels = [
    { url = "https://files.pythonhosted.org/packages/df/b2/87e62e8c3e2f4b32e5fe99e0b86d576da1312593b39f47d8ceef365e95ed/packaging-26.2-py3-none-any.whl", hash = "sha256:5fc45236b9446107ff2415ce77c807cee2862cb6fac22b8a73826d0693b0980e", size = 100195, upload-time = "2026-04-24T20:15:22.081Z" },
]

[[package]]
name = "pluggy"
version = "1.6.0"
source = { registry = "https://pypi.org/simple" }
sdist = { url = "https://files.pythonhosted.org/packages/f9/e2/3e91f31a7d2b083fe6ef3fa267035b518369d9511ffab804f839851d2779/pluggy-1.6.0.tar.gz", hash = "sha256:7dcc130b76258d33b90f61b658791dede3486c3e6bfb003ee5c9bfb396dd22f3", size = 69412, upload-time = "2025-05-15T12:30:07.975Z" }
wheels = [
    { url = "https://files.pythonhosted.org/packages/54/20/4d324d65cc6d9205fabedc306948156824eb9f0ee1633355a8f7ec5c66bf/pluggy-1.6.0-py3-none-any.whl", hash = "sha256:e920276dd6813095e9377c0bc5566d94c932c33b27a3e3945d8389c374dd4746", size = 20538, upload-time = "2025-05-15T12:30:06.134Z" },
]

[[package]]
name = "pygments"
version = "2.20.0"
source = { registry = "https://pypi.org/simple" }
sdist = { url = "https://files.pythonhosted.org/packages/c3/b2/bc9c9196916376152d655522fdcebac55e66de6603a76a02bca1b6414f6c/pygments-2.20.0.tar.gz", hash = "sha256:6757cd03768053ff99f3039c1a36d6c0aa0b263438fcab17520b30a303a82b5f", size = 4955991, upload-time = "2026-03-29T13:29:33.898Z" }
wheels = [
    { url = "https://files.pythonhosted.org/packages/f4/7e/a72dd26f3b0f4f2bf1dd8923c85f7ceb43172af56d63c7383eb62b332364/pygments-2.20.0-py3-none-any.whl", hash = "sha256:81a9e26dd42fd28a23a2d169d86d7ac03b46e2f8b59ed4698fb4785f946d0176", size = 1231151, upload-time = "2026-03-29T13:29:30.038Z" },
]

[[package]]
name = "pytest"
version = "9.1.1"
source = { registry = "https://pypi.org/simple" }
dependencies = [
    { name = "colorama", marker = "sys_platform == 'win32'" },
    { name = "iniconfig" },
    { name = "packaging" },
    { name = "pluggy" },
    { name = "pygments" },
]
sdist = { url = "https://files.pythonhosted.org/packages/e4/47/b9efed96c114afcfa3c9d3fe98a76a1d14c74a9e266d397cf6eb64be5e01/pytest-9.1.1.tar.gz", hash = "sha256:1088fbde8f2b49d95a549a195707afa7a76a3ce9bcadc26b6d71f0ffda5fe313", size = 1636369, upload-time = "2026-06-19T10:58:32.857Z" }
wheels = [
    { url = "https://files.pythonhosted.org/packages/24/25/1de2678b631f5a49215c6c96fff41ba892b0a34df68d6d80292b1b48aa7f/pytest-9.1.1-py3-none-any.whl", hash = "sha256:37a86b45efb9a47a61a36449063e8e18d0cab3161329fc099eb21783169c4f0c", size = 386536, upload-time = "2026-06-19T10:58:31.347Z" },
]

[[package]]
name = "pyyaml"
version = "6.0.3"
source = { registry = "https://pypi.org/simple" }
sdist = { url = "https://files.pythonhosted.org/packages/05/8e/961c0007c59b8dd7729d542c61a4d537767a59645b82a0b521206e1e25c2/pyyaml-6.0.3.tar.gz", hash = "sha256:d76623373421df22fb4cf8817020cbb7ef15c725b9d5e45f17e189bfc384190f", size = 130960, upload-time = "2025-09-25T21:33:16.546Z" }
wheels = [
    { url = "https://files.pythonhosted.org/packages/d1/33/422b98d2195232ca1826284a76852ad5a86fe23e31b009c9886b2d0fb8b2/pyyaml-6.0.3-cp312-cp312-macosx_10_13_x86_64.whl", hash = "sha256:7f047e29dcae44602496db43be01ad42fc6f1cc0d8cd6c83d342306c32270196", size = 182063, upload-time = "2025-09-25T21:32:11.445Z" },
    { url = "https://files.pythonhosted.org/packages/89/a0/6cf41a19a1f2f3feab0e9c0b74134aa2ce6849093d5517a0c550fe37a648/pyyaml-6.0.3-cp312-cp312-macosx_11_0_arm64.whl", hash = "sha256:fc09d0aa354569bc501d4e787133afc08552722d3ab34836a80547331bb5d4a0", size = 173973, upload-time = "2025-09-25T21:32:12.492Z" },
    { url = "https://files.pythonhosted.org/packages/ed/23/7a778b6bd0b9a8039df8b1b1d80e2e2ad78aa04171592c8a5c43a56a6af4/pyyaml-6.0.3-cp312-cp312-manylinux2014_aarch64.manylinux_2_17_aarch64.manylinux_2_28_aarch64.whl", hash = "sha256:9149cad251584d5fb4981be1ecde53a1ca46c891a79788c0df828d2f166bda28", size = 775116, upload-time = "2025-09-25T21:32:13.652Z" },
    { url = "https://files.pythonhosted.org/packages/65/30/d7353c338e12baef4ecc1b09e877c1970bd3382789c159b4f89d6a70dc09/pyyaml-6.0.3-cp312-cp312-manylinux2014_s390x.manylinux_2_17_s390x.manylinux_2_28_s390x.whl", hash = "sha256:5fdec68f91a0c6739b380c83b951e2c72ac0197ace422360e6d5a959d8d97b2c", size = 844011, upload-time = "2025-09-25T21:32:15.21Z" },
    { url = "https://files.pythonhosted.org/packages/8b/9d/b3589d3877982d4f2329302ef98a8026e7f4443c765c46cfecc8858c6b4b/pyyaml-6.0.3-cp312-cp312-manylinux2014_x86_64.manylinux_2_17_x86_64.manylinux_2_28_x86_64.whl", hash = "sha256:ba1cc08a7ccde2d2ec775841541641e4548226580ab850948cbfda66a1befcdc", size = 807870, upload-time = "2025-09-25T21:32:16.431Z" },
    { url = "https://files.pythonhosted.org/packages/05/c0/b3be26a015601b822b97d9149ff8cb5ead58c66f981e04fedf4e762f4bd4/pyyaml-6.0.3-cp312-cp312-musllinux_1_2_aarch64.whl", hash = "sha256:8dc52c23056b9ddd46818a57b78404882310fb473d63f17b07d5c40421e47f8e", size = 761089, upload-time = "2025-09-25T21:32:17.56Z" },
    { url = "https://files.pythonhosted.org/packages/be/8e/98435a21d1d4b46590d5459a22d88128103f8da4c2d4cb8f14f2a96504e1/pyyaml-6.0.3-cp312-cp312-musllinux_1_2_x86_64.whl", hash = "sha256:41715c910c881bc081f1e8872880d3c650acf13dfa8214bad49ed4cede7c34ea", size = 790181, upload-time = "2025-09-25T21:32:18.834Z" },
    { url = "https://files.pythonhosted.org/packages/74/93/7baea19427dcfbe1e5a372d81473250b379f04b1bd3c4c5ff825e2327202/pyyaml-6.0.3-cp312-cp312-win32.whl", hash = "sha256:96b533f0e99f6579b3d4d4995707cf36df9100d67e0c8303a0c55b27b5f99bc5", size = 137658, upload-time = "2025-09-25T21:32:20.209Z" },
    { url = "https://files.pythonhosted.org/packages/86/bf/899e81e4cce32febab4fb42bb97dcdf66bc135272882d1987881a4b519e9/pyyaml-6.0.3-cp312-cp312-win_amd64.whl", hash = "sha256:5fcd34e47f6e0b794d17de1b4ff496c00986e1c83f7ab2fb8fcfe9616ff7477b", size = 154003, upload-time = "2025-09-25T21:32:21.167Z" },
    { url = "https://files.pythonhosted.org/packages/1a/08/67bd04656199bbb51dbed1439b7f27601dfb576fb864099c7ef0c3e55531/pyyaml-6.0.3-cp312-cp312-win_arm64.whl", hash = "sha256:64386e5e707d03a7e172c0701abfb7e10f0fb753ee1d773128192742712a98fd", size = 140344, upload-time = "2025-09-25T21:32:22.617Z" },
]

[[package]]
name = "regex"
version = "2026.7.19"
source = { registry = "https://pypi.org/simple" }
sdist = { url = "https://files.pythonhosted.org/packages/20/98/04b13f1ddfb63158025291c02e03eb42fbb7acb51d091d541050eb4e35e8/regex-2026.7.19.tar.gz", hash = "sha256:7e77b324909c1617cbb4c668677e2c6ae13f44d7c1de0d4f15f2e3c10f3315b5", size = 416440, upload-time = "2026-07-19T00:19:48.923Z" }
wheels = [
    { url = "https://files.pythonhosted.org/packages/3b/b9/d11d7e501ac8fd7d617684423ebb9561e0b998481c1e4cbc0cb212c5d74a/regex-2026.7.19-cp312-cp312-macosx_10_13_universal2.whl", hash = "sha256:2cc3460cedf7579948486eab03bc9ad7089df4d7281c0f47f4afe03e8d13f02d", size = 496778, upload-time = "2026-07-19T00:17:05.677Z" },
    { url = "https://files.pythonhosted.org/packages/3f/a9/a5ab6f312f24318019170dc485d5421fe4f89e43a98640da50d95a8a7041/regex-2026.7.19-cp312-cp312-macosx_10_13_x86_64.whl", hash = "sha256:0e9554c8785eac5cffe6300f69a91f58ba72bc88a5f8d661235ad7c6aa5b8ccd", size = 297122, upload-time = "2026-07-19T00:17:07.59Z" },
    { url = "https://files.pythonhosted.org/packages/b3/63/4cab4d7f2d384a144d420b763d97674cb70619c878ea6fcd7640d0e62143/regex-2026.7.19-cp312-cp312-macosx_11_0_arm64.whl", hash = "sha256:d7da47a0f248977f08e2cb659ff3c17ddc13a4d39b3a7baa0a81bf5b415430f6", size = 292009, upload-time = "2026-07-19T00:17:09.648Z" },
    { url = "https://files.pythonhosted.org/packages/22/85/102a81b218298957d4ea7d2f084fae537a71add9d6ff93c8e67284c5f45e/regex-2026.7.19-cp312-cp312-manylinux2014_aarch64.manylinux_2_17_aarch64.manylinux_2_28_aarch64.whl", hash = "sha256:93db40c8de0815baab96a06e08a984bac71f989d13bab789e382158c5d426797", size = 796708, upload-time = "2026-07-19T00:17:11.542Z" },
    { url = "https://files.pythonhosted.org/packages/78/b5/dc136af5629938a037cd2b304c12240e132ec92f38be8ff9cc89af2a1f2d/regex-2026.7.19-cp312-cp312-manylinux2014_ppc64le.manylinux_2_17_ppc64le.manylinux_2_28_ppc64le.whl", hash = "sha256:66bd62c59a5427746e8c44becae1d9b99d22fb13f30f492083dfb9ad7c45cc18", size = 865651, upload-time = "2026-07-19T00:17:13.312Z" },
    { url = "https://files.pythonhosted.org/packages/e0/75/67402ae3cd9c8c988a4c805d15ee3eef015e7ca4cb112cf3e640fc1f4153/regex-2026.7.19-cp312-cp312-manylinux2014_s390x.manylinux_2_17_s390x.manylinux_2_28_s390x.whl", hash = "sha256:1649eb39fcc9ea80c4d2f110fde2b8ab2aef3877b98f02ab9b14e961f418c511", size = 911756, upload-time = "2026-07-19T00:17:15.015Z" },
    { url = "https://files.pythonhosted.org/packages/2a/8e/096d00c7c480ef2ff4265349b14e2261d4ab787ba1f74e2e80d1c58079c3/regex-2026.7.19-cp312-cp312-manylinux2014_x86_64.manylinux_2_17_x86_64.manylinux_2_28_x86_64.whl", hash = "sha256:9dce8ec9695f531a1b8a6f314fd4b393adcccf2ea861db480cdf97a301d01a68", size = 801798, upload-time = "2026-07-19T00:17:17.208Z" },
    { url = "https://files.pythonhosted.org/packages/f0/41/e7ecac6edb5722417f85cc67eaf386322fbe8acf6918ec2fdc37c20dd9d0/regex-2026.7.19-cp312-cp312-manylinux_2_31_riscv64.manylinux_2_39_riscv64.whl", hash = "sha256:3080a7fd38ef049bd489e01c970c97dd84ff446a885b0f1f6b26d9b1ad13ce11", size = 776933, upload-time = "2026-07-19T00:17:19.347Z" },
    { url = "https://files.pythonhosted.org/packages/6f/69/03c9b3f058d66403e0ca2c938696e81d51cd4c6d47ec5265f02f96948d9a/regex-2026.7.19-cp312-cp312-musllinux_1_2_aarch64.whl", hash = "sha256:1d793a7988e04fcb1e2e135567443d82173225d657419ec09414a9b5a145b986", size = 784338, upload-time = "2026-07-19T00:17:21.057Z" },
    { url = "https://files.pythonhosted.org/packages/f6/f7/b38ab3d43f284afbb618fcd15d0e77eb786ae461ce1f6bc7494619ddc0f2/regex-2026.7.19-cp312-cp312-musllinux_1_2_ppc64le.whl", hash = "sha256:e8b0abe7d870f53ca5143895fef7d1041a0c831a140d3dc2c760dd7ba25d4a8b", size = 860452, upload-time = "2026-07-19T00:17:23.119Z" },
    { url = "https://files.pythonhosted.org/packages/15/5c/ff60ef0571121714f3cf9920bc183071e384a10b556d042e0fdb06cc07a5/regex-2026.7.19-cp312-cp312-musllinux_1_2_riscv64.whl", hash = "sha256:4e5413bd5f13d3a4e3539ca98f70f75e7fca92518dd7f117f030ebedd10b60cb", size = 765958, upload-time = "2026-07-19T00:17:24.81Z" },
    { url = "https://files.pythonhosted.org/packages/aa/0f/bd34021162c0ab47f9a315bd56cd5642e920c8e5668a75ef6c6a6fca590d/regex-2026.7.19-cp312-cp312-musllinux_1_2_s390x.whl", hash = "sha256:73b133a9e6fb512858e7f065e96f1180aa46646bc74a83aea62f1d314f3dd035", size = 851765, upload-time = "2026-07-19T00:17:26.993Z" },
    { url = "https://files.pythonhosted.org/packages/2a/20/a2ca43edade0595cccfdc98636739f536d9e26898e7dbddc2b9e98898953/regex-2026.7.19-cp312-cp312-musllinux_1_2_x86_64.whl", hash = "sha256:dbe6493fbd27321b1d1f2dd4f5c7e5bd4d8b1d7cab7f32fd67db3d0b2ed8248a", size = 789714, upload-time = "2026-07-19T00:17:28.699Z" },
    { url = "https://files.pythonhosted.org/packages/5d/47/e02db4015d424fc83c00ea0ac8c5e5ec14397943de9abf909d5ce3a25931/regex-2026.7.19-cp312-cp312-win32.whl", hash = "sha256:ddd67571c10869f65a5d7dde536d1e066e306cc90de57d7de4d5f34802428bb5", size = 267157, upload-time = "2026-07-19T00:17:31.051Z" },
    { url = "https://files.pythonhosted.org/packages/08/8e/c780c131f79b42ed22d1bd7da4096c2c35f813e835acd02ef0f018bd892c/regex-2026.7.19-cp312-cp312-win_amd64.whl", hash = "sha256:e30d40268a28d54ce0437031750497004c22602b8e3ab891f759b795a003b312", size = 277777, upload-time = "2026-07-19T00:17:32.848Z" },
    { url = "https://files.pythonhosted.org/packages/3e/4c/e4d7e086449bdf379d89774bf1f89dc4a41943f3c5a6125a03905b34b5fb/regex-2026.7.19-cp312-cp312-win_arm64.whl", hash = "sha256:de9208bb427130c82a5dbfd104f92c8876fc9559278c880b3002755bbbe9c83d", size = 277136, upload-time = "2026-07-19T00:17:34.803Z" },
]

[[package]]
name = "ruff"
version = "0.16.0"
source = { registry = "https://pypi.org/simple" }
sdist = { url = "https://files.pythonhosted.org/packages/4d/94/1e5e4967626faf12fa56999cd6222dff6992ceb086ad7945756baf70c7a7/ruff-0.16.0.tar.gz", hash = "sha256:e460aafd5495ec89efaa6ced2e4a9a581116451e1c88b9d37ef497e0f8e93982", size = 4790557, upload-time = "2026-07-23T19:11:30.981Z" }
wheels = [
    { url = "https://files.pythonhosted.org/packages/4b/81/1c8818fee7ce1a04cd7d1b3172e0a8f8e4f1dc4feb7fc390e16daa8af323/ruff-0.16.0-py3-none-linux_armv6l.whl", hash = "sha256:e5115729eb08c585e5121978ba5d5b60caeae394ce21b9fb5e6cd33a1c6c9b1e", size = 10754633, upload-time = "2026-07-23T19:10:46.415Z" },
    { url = "https://files.pythonhosted.org/packages/23/df/beaf59c09d68db84304d555f188b276a77132a5d5b0b67a5c762aa143628/ruff-0.16.0-py3-none-macosx_10_12_x86_64.whl", hash = "sha256:3c954b1d580bfa035b41654f7858cc7e71d5fc3ac5b723dd62bd9133830ed522", size = 10969164, upload-time = "2026-07-23T19:10:50.271Z" },
    { url = "https://files.pythonhosted.org/packages/42/ce/741cd197496a1abbf51352710fd15ed995d2a2be87189c1da26a450d6e83/ruff-0.16.0-py3-none-macosx_11_0_arm64.whl", hash = "sha256:e01c21d10eb1b29f47b7454e1f4056db9a3f0260c646aa88457c610291db9f81", size = 10488846, upload-time = "2026-07-23T19:10:52.639Z" },
    { url = "https://files.pythonhosted.org/packages/52/2a/a2db8e88cade358f5cdcb05674a917751074109315d014eb6352d9a893f7/ruff-0.16.0-py3-none-manylinux_2_17_aarch64.manylinux2014_aarch64.whl", hash = "sha256:6e364e5ed22ed8dc05082fd78e35308618260907ac2d3c1d637b2e682415b6c9", size = 10889729, upload-time = "2026-07-23T19:10:54.89Z" },
    { url = "https://files.pythonhosted.org/packages/42/65/62a771694ebd63029dc953e27dbad40e1588bd4860ff9fe881018fddaa49/ruff-0.16.0-py3-none-manylinux_2_17_armv7l.manylinux2014_armv7l.whl", hash = "sha256:d327b8fc113a1d4421a04f3839d3752057c8dd1ee320223a6f3f52d04ada462a", size = 10568275, upload-time = "2026-07-23T19:10:56.993Z" },
    { url = "https://files.pythonhosted.org/packages/3f/e2/ced249fe8af5f086c5c58cc21cc3356d50f32f7401c5df87050c999620a7/ruff-0.16.0-py3-none-manylinux_2_17_i686.manylinux2014_i686.whl", hash = "sha256:a9b50c55e263103586b3dcf5f73d479eb8cb5fdb6098fec59a62891dab653717", size = 11385112, upload-time = "2026-07-23T19:10:59.615Z" },
    { url = "https://files.pythonhosted.org/packages/87/0b/05154977a8fd69eeb6c103271f55403bfd8711f5c0f8ed07489d95a504e7/ruff-0.16.0-py3-none-manylinux_2_17_ppc64le.manylinux2014_ppc64le.whl", hash = "sha256:0ff4a79ce3ec0172f3241943835de1c4cb4e2dcd07f0f8c2d02603dbbbee4b17", size = 12207008, upload-time = "2026-07-23T19:11:02.154Z" },
    { url = "https://files.pythonhosted.org/packages/fb/29/98225831a3a1eab0e02f4acc6ca6559a98611dcc68b6965ff4b7234627c1/ruff-0.16.0-py3-none-manylinux_2_17_s390x.manylinux2014_s390x.whl", hash = "sha256:e95c448fca1fb2a18372a9440926c5a6ee789639bb975c72e7ae6d0b04218ab4", size = 11650842, upload-time = "2026-07-23T19:11:04.557Z" },
    { url = "https://files.pythonhosted.org/packages/91/66/6bd3cf90500653d55dc0ffc8507aa8300bd49d0214b2e8cb4d3fef2943ba/ruff-0.16.0-py3-none-manylinux_2_17_x86_64.manylinux2014_x86_64.whl", hash = "sha256:4f11a8d11010301d0a398a2fdef67691feca7294da6aef55e2150e8fa2cd520b", size = 11400718, upload-time = "2026-07-23T19:11:09.233Z" },
    { url = "https://files.pythonhosted.org/packages/8e/a2/a54eb4eae05d66364050a5d3b8a9c5ef88196531b3cbe7109d873f87f819/ruff-0.16.0-py3-none-manylinux_2_31_riscv64.whl", hash = "sha256:48044c678e9cb8698246c99b14aaccfa6601dea7379eb48a6f8f73f7a6d86cd0", size = 11426177, upload-time = "2026-07-23T19:11:11.994Z" },
    { url = "https://files.pythonhosted.org/packages/1a/be/16e3eea4b2a478a496919f5e36f17c4559e54620bd3bbac5d6affa068006/ruff-0.16.0-py3-none-musllinux_1_2_aarch64.whl", hash = "sha256:7aa0959bad8eb8bef50340154fc9b58678dae31fa4293afa38b44b6e552c0213", size = 10856126, upload-time = "2026-07-23T19:11:14.221Z" },
    { url = "https://files.pythonhosted.org/packages/a2/84/252eb8b868a16eec7257c14f504f77537e734b2d69c762e639e588e304a3/ruff-0.16.0-py3-none-musllinux_1_2_armv7l.whl", hash = "sha256:28ea2b7df8ebf7f9da6b7d47b230ab48f387c0a29be3b474c4d0740e197bb9af", size = 10571208, upload-time = "2026-07-23T19:11:16.378Z" },
    { url = "https://files.pythonhosted.org/packages/21/09/817a482f542f7570cbb4554b26e896610c7114f539b1d9e2d2145bf6bef6/ruff-0.16.0-py3-none-musllinux_1_2_i686.whl", hash = "sha256:33a3dfac8c35f81498dea9181bccc2f4c4bc8f1521a1dd9406e77643e0f0fb09", size = 11063329, upload-time = "2026-07-23T19:11:19.173Z" },
    { url = "https://files.pythonhosted.org/packages/2e/23/9403c180ca1cb9b1f7335f5c3e5305c09d49ea5b345196682a36028bde4a/ruff-0.16.0-py3-none-musllinux_1_2_x86_64.whl", hash = "sha256:a5237a0bda500d30d81b8e07a6973a5cbc772864cbf746ae2f4e8a2e01c9f4ed", size = 11489751, upload-time = "2026-07-23T19:11:21.74Z" },
    { url = "https://files.pythonhosted.org/packages/b2/1d/1b2ef7bcde851c78d7f17f1cca13fd6dc695fc4b3d6197941e72cae5b132/ruff-0.16.0-py3-none-win32.whl", hash = "sha256:7fab76fa065c873f41ff744347c6e77bcc3dfec4bcc754dc26b63d23c0f7f5fb", size = 10785885, upload-time = "2026-07-23T19:11:23.947Z" },
    { url = "https://files.pythonhosted.org/packages/b2/a3/d5e4ef7a56be3f928ffb90b94c25ba7d3cb9c7fe0736aeaaedf361770712/ruff-0.16.0-py3-none-win_amd64.whl", hash = "sha256:429c117f022bf481fabd9d551e7a3952b24c65e6ef44337ea09d90bebef14472", size = 11923141, upload-time = "2026-07-23T19:11:26.409Z" },
    { url = "https://files.pythonhosted.org/packages/cb/9a/8415f2657cbe200f41a4531ccededf135505a92d4a012229121f885b26f9/ruff-0.16.0-py3-none-win_arm64.whl", hash = "sha256:14296fedcd2705c77ab8235439278bbb38f285cf7da5528b00b3e330c3d4872d", size = 11273407, upload-time = "2026-07-23T19:11:28.705Z" },
]

[[package]]
name = "stt"
version = "0.1.2"
source = { editable = "." }
dependencies = [
    { name = "huggingface-hub" },
    { name = "mlx-qwen3-asr" },
]

[package.dev-dependencies]
dev = [
    { name = "pytest" },
    { name = "ruff" },
]

[package.metadata]
requires-dist = [
    { name = "huggingface-hub", specifier = ">=0.20,<2" },
    { name = "mlx-qwen3-asr", specifier = "==0.3.5" },
]

[package.metadata.requires-dev]
dev = [
    { name = "pytest", specifier = ">=8.0" },
    { name = "ruff", specifier = ">=0.8" },
]

[[package]]
name = "tqdm"
version = "4.69.0"
source = { registry = "https://pypi.org/simple" }
dependencies = [
    { name = "colorama", marker = "sys_platform == 'win32'" },
]
sdist = { url = "https://files.pythonhosted.org/packages/8c/69/40407dfc835517f058b603dbf37a6df094d8582b015a51eddc988febbcb7/tqdm-4.69.0.tar.gz", hash = "sha256:700c5e85dcd5f009dd6222588a29180a193a748247a5d855b4d67db93d79a53b", size = 792569, upload-time = "2026-07-17T18:09:06.2Z" }
wheels = [
    { url = "https://files.pythonhosted.org/packages/fe/21/99a0cdaf54eb35e77623c41b5a2c9472ee4404bba687052791fe2aba6773/tqdm-4.69.0-py3-none-any.whl", hash = "sha256:9979978912be667a6ef21fd5d8abf54e324e63d82f7f43c360792ebc2bc4e622", size = 676680, upload-time = "2026-07-17T18:09:04.172Z" },
]

[[package]]
name = "typing-extensions"
version = "4.16.0"
source = { registry = "https://pypi.org/simple" }
sdist = { url = "https://files.pythonhosted.org/packages/f6/cc/6253133b5bb138fc3306cebfbda2c520f545d36b5be2c7255cc528bb45d6/typing_extensions-4.16.0.tar.gz", hash = "sha256:dc983d19a509c94dba722ee6abd33940f7c05a89e243c47e907eb4db6f1a43e5", size = 113555, upload-time = "2026-07-02T08:40:05.92Z" }
wheels = [
    { url = "https://files.pythonhosted.org/packages/49/d3/b8441a820a491ddfc024b0b0cf0393375b75ea13866d9c66727e54c2fc80/typing_extensions-4.16.0-py3-none-any.whl", hash = "sha256:481caa481374e813c1b176ada14e97f1f67a4539ce9cfeb3f350d78d6370c2e8", size = 45571, upload-time = "2026-07-02T08:40:04.659Z" },
]
